// !$*UTF8*$!
{
	archiveVersion = 1;
	classes = {
	};
	objectVersion = 45;
	objects = {

/* Begin PBXBuildFile section */
		1DDD58160DA1D0A300B32029 /* MainMenu.xib in Resources */ = {isa = PBXBuildFile; fileRef = 1DDD58140DA1D0A300B32029 /* MainMenu.xib */; };
		256AC3DA0F4B6AC300CF3369 /* miRSSAppDelegate.m in Sources */ = {isa = PBXBuildFile; fileRef = 256AC3D90F4B6AC300CF3369 /* miRSSAppDelegate.m */; };
		8D11072B0486CEB800E47090 /* InfoPlist.strings in Resources */ = {isa = PBXBuildFile; fileRef = 089C165CFE840E0CC02AAC07 /* InfoPlist.strings */; };
		8D11072D0486CEB800E47090 /* main.m in Sources */ = {isa = PBXBuildFile; fileRef = 29B97316FDCFA39411CA2CEA /* main.m */; settings = {ATTRIBUTES = (); }; };
		8D11072F0486CEB800E47090 /* Cocoa.framework in Frameworks */ = {isa = PBXBuildFile; fileRef = 1058C7A1FEA54F0111CA2CBB /* Cocoa.framework */; };
		FA11F67912B81A92004AA893 /* ANTimeoutConnection.m in Sources */ = {isa = PBXBuildFile; fileRef = FA11F67812B81A92004AA893 /* ANTimeoutConnection.m */; };
		FA1ACC0712BD1C70005A0B23 /* ANRemoteAccessManager.m in Sources */ = {isa = PBXBuildFile; fileRef = FA1ACC0612BD1C70005A0B23 /* ANRemoteAccessManager.m */; };
		FA1ACC0B12BD28BE005A0B23 /* ANRSSProxy.m in Sources */ = {isa = PBXBuildFile; fileRef = FA1ACC0A12BD28BE005A0B23 /* ANRSSProxy.m */; };
		FA1ACC2212BD2BCC005A0B23 /* mirss.icns in Resources */ = {isa = PBXBuildFile; fileRef = FA1ACC2112BD2BCC005A0B23 /* mirss.icns */; };
		FA1B11F612B4401000F02972 /* RSSChannel.m in Sources */ = {isa = PBXBuildFile; fileRef = FA1B11F512B4401000F02972 /* RSSChannel.m */; };
		FA1B11FB12B4401700F02972 /* RSSItem.m in Sources */ = {isa = PBXBuildFile; fileRef = FA1B11FA12B4401700F02972 /* RSSItem.m */; };
		FA1B120412B4455000F02972 /* RSSFeed.m in Sources */ = {isa = PBXBuildFile; fileRef = FA1B120312B4455000F02972 /* RSSFeed.m */; };
		FA1B12E212B45F8B00F02972 /* RSSItemView.m in Sources */ = {isa = PBXBuildFile; fileRef = FA1B12E112B45F8B00F02972 /* RSSItemView.m */; };
		FA1B12EF12B4618E00F02972 /* RSSChannelView.m in Sources */ = {isa = PBXBuildFile; fileRef = FA1B12EE12B4618E00F02972 /* RSSChannelView.m */; };
		FA37B0FD12BC36AA00977000 /* MainWindow.m in Sources */ = {isa = PBXBuildFile; fileRef = FA37B0FC12BC36AA00977000 /* MainWindow.m */; };
		FA37B10012BC36CC00977000 /* MainView.m in Sources */ = {isa = PBXBuildFile; fileRef = FA37B0FF12BC36CC00977000 /* MainView.m */; };
		FA74099812B5414800AD1A5B /* topbar.png in Resources */ = {isa = PBXBuildFile; fileRef = FA74099612B5414800AD1A5B /* topbar.png */; };
		FA74099912B5414800AD1A5B /* bottombar.png in Resources */ = {isa = PBXBuildFile; fileRef = FA74099712B5414800AD1A5B /* bottombar.png */; };
		FA7409A612B5420000AD1A5B /* ANImageBitmapRep.m in Sources */ = {isa = PBXBuildFile; fileRef = FA7409A512B5420000AD1A5B /* ANImageBitmapRep.m */; };
		FA7409E912B5727000AD1A5B /* rss.png in Resources */ = {isa = PBXBuildFile; fileRef = FA7409E812B5727000AD1A5B /* rss.png */; };
		FA7409EC12B5739600AD1A5B /* ANRSSManager.m in Sources */ = {isa = PBXBuildFile; fileRef = FA7409EB12B5739600AD1A5B /* ANRSSManager.m */; };
		FA740AE512B592F300AD1A5B /* Carbon.framework in Frameworks */ = {isa = PBXBuildFile; fileRef = FA740AE412B592F300AD1A5B /* Carbon.framework */; };
		FAA46D3912B5AE7F0000F8A6 /* RegexKitLite.m in Sources */ = {isa = PBXBuildFile; fileRef = FAA46D3812B5AE7F0000F8A6 /* RegexKitLite.m */; };
		FAC3C16C12BC0789007FCB67 /* ANReadFeedCommand.m in Sources */ = {isa = PBXBuildFile; fileRef = FAC3C16B12BC0789007FCB67 /* ANReadFeedCommand.m */; };
		FAC3C1F112BC1670007FCB67 /* ANDeleteFeedCommand.m in Sources */ = {isa = PBXBuildFile; fileRef = FAC3C1F012BC1670007FCB67 /* ANDeleteFeedCommand.m */; };
		FAC3C21B12BC1869007FCB67 /* test.sdef in Resources */ = {isa = PBXBuildFile; fileRef = FAC3C21A12BC1869007FCB67 /* test.sdef */; };
		FAD2A6D412BAB501005612B2 /* ANApplication.m in Sources */ = {isa = PBXBuildFile; fileRef = FAD2A6D312BAB501005612B2 /* ANApplication.m */; };
		FAD2A7FB12BAD01D005612B2 /* ANRSSFeed.m in Sources */ = {isa = PBXBuildFile; fileRef = FAD2A7FA12BAD01D005612B2 /* ANRSSFeed.m */; };
		FAF0B8E912B96BD5003D4F4D /* ANCommandCounter.m in Sources */ = {isa = PBXBuildFile; fileRef = FAF0B8E812B96BD5003D4F4D /* ANCommandCounter.m */; };
/* End PBXBuildFile section */

/* Begin PBXFileReference section */
		089C165DFE840E0CC02AAC07 /* English */ = {isa = PBXFileReference; fileEncoding = 4; lastKnownFileType = text.plist.strings; name = English; path = English.lproj/InfoPlist.strings; sourceTree = "<group>"; };
		1058C7A1FEA54F0111CA2CBB /* Cocoa.framework */ = {isa = PBXFileReference; lastKnownFileType = wrapper.framework; name = Cocoa.framework; path = /System/Library/Frameworks/Cocoa.framework; sourceTree = "<absolute>"; };
		13E42FB307B3F0F600E4EEF1 /* CoreData.framework */ = {isa = PBXFileReference; lastKnownFileType = wrapper.framework; name = CoreData.framework; path = /System/Library/Frameworks/CoreData.framework; sourceTree = "<absolute>"; };
		1DDD58150DA1D0A300B32029 /* English */ = {isa = PBXFileReference; lastKnownFileType = file.xib; name = English; path = English.lproj/MainMenu.xib; sourceTree = "<group>"; };
		256AC3D80F4B6AC300CF3369 /* miRSSAppDelegate.h */ = {isa = PBXFileReference; fileEncoding = 4; lastKnownFileType = sourcecode.c.h; path = miRSSAppDelegate.h; sourceTree = "<group>"; };
		256AC3D90F4B6AC300CF3369 /* miRSSAppDelegate.m */ = {isa = PBXFileReference; fileEncoding = 4; lastKnownFileType = sourcecode.c.objc; path = miRSSAppDelegate.m; sourceTree = "<group>"; };
		256AC3F00F4B6AF500CF3369 /* miRSS_Prefix.pch */ = {isa = PBXFileReference; fileEncoding = 4; lastKnownFileType = sourcecode.c.h; path = miRSS_Prefix.pch; sourceTree = "<group>"; };
		29B97316FDCFA39411CA2CEA /* main.m */ = {isa = PBXFileReference; fileEncoding = 4; lastKnownFileType = sourcecode.c.objc; path = main.m; sourceTree = "<group>"; };
		29B97324FDCFA39411CA2CEA /* AppKit.framework */ = {isa = PBXFileReference; lastKnownFileType = wrapper.framework; name = AppKit.framework; path = /System/Library/Frameworks/AppKit.framework; sourceTree = "<absolute>"; };
		29B97325FDCFA39411CA2CEA /* Foundation.framework */ = {isa = PBXFileReference; lastKnownFileType = wrapper.framework; name = Foundation.framework; path = /System/Library/Frameworks/Foundation.framework; sourceTree = "<absolute>"; };
		8D1107310486CEB800E47090 /* miRSS-Info.plist */ = {isa = PBXFileReference; fileEncoding = 4; lastKnownFileType = text.plist.xml; path = "miRSS-Info.plist"; sourceTree = "<group>"; };
		8D1107320486CEB800E47090 /* miRSS.app */ = {isa = PBXFileReference; explicitFileType = wrapper.application; includeInIndex = 0; path = miRSS.app; sourceTree = BUILT_PRODUCTS_DIR; };
		FA11F67712B81A92004AA893 /* ANTimeoutConnection.h */ = {isa = PBXFileReference; fileEncoding = 4; lastKnownFileType = sourcecode.c.h; path = ANTimeoutConnection.h; sourceTree = "<group>"; };
		FA11F67812B81A92004AA893 /* ANTimeoutConnection.m */ = {isa = PBXFileReference; fileEncoding = 4; lastKnownFileType = sourcecode.c.objc; path = ANTimeoutConnection.m; sourceTree = "<group>"; };
		FA1ACC0512BD1C70005A0B23 /* ANRemoteAccessManager.h */ = {isa = PBXFileReference; fileEncoding = 4; lastKnownFileType = sourcecode.c.h; path = ANRemoteAccessManager.h; sourceTree = "<group>"; };
		FA1ACC0612BD1C70005A0B23 /* ANRemoteAccessManager.m */ = {isa = PBXFileReference; fileEncoding = 4; lastKnownFileType = sourcecode.c.objc; path = ANRemoteAccessManager.m; sourceTree = "<group>"; };
		FA1ACC0912BD28BE005A0B23 /* ANRSSProxy.h */ = {isa = PBXFileReference; fileEncoding = 4; lastKnownFileType = sourcecode.c.h; path = ANRSSProxy.h; sourceTree = "<group>"; };
		FA1ACC0A12BD28BE005A0B23 /* ANRSSProxy.m */ = {isa = PBXFileReference; fileEncoding = 4; lastKnownFileType = sourcecode.c.objc; path = ANRSSProxy.m; sourceTree = "<group>"; };
		FA1ACC2112BD2BCC005A0B23 /* mirss.icns */ = {isa = PBXFileReference; lastKnownFileType = image.icns; path = mirss.icns; sourceTree = "<group>"; };
		FA1B11F412B4401000F02972 /* RSSChannel.h */ = {isa = PBXFileReference; fileEncoding = 4; lastKnownFileType = sourcecode.c.h; path = RSSChannel.h; sourceTree = "<group>"; };
		FA1B11F512B4401000F02972 /* RSSChannel.m */ = {isa = PBXFileReference; fileEncoding = 4; lastKnownFileType = sourcecode.c.objc; path = RSSChannel.m; sourceTree = "<group>"; };
		FA1B11F912B4401700F02972 /* RSSItem.h */ = {isa = PBXFileReference; fileEncoding = 4; lastKnownFileType = sourcecode.c.h; path = RSSItem.h; sourceTree = "<group>"; };
		FA1B11FA12B4401700F02972 /* RSSItem.m */ = {isa = PBXFileReference; fileEncoding = 4; lastKnownFileType = sourcecode.c.objc; path = RSSItem.m; sourceTree = "<group>"; };
		FA1B120212B4455000F02972 /* RSSFeed.h */ = {isa = PBXFileReference; fileEncoding = 4; lastKnownFileType = sourcecode.c.h; path = RSSFeed.h; sourceTree = "<group>"; };
		FA1B120312B4455000F02972 /* RSSFeed.m */ = {isa = PBXFileReference; fileEncoding = 4; lastKnownFileType = sourcecode.c.objc; path = RSSFeed.m; sourceTree = "<group>"; };
		FA1B12E012B45F8B00F02972 /* RSSItemView.h */ = {isa = PBXFileReference; fileEncoding = 4; lastKnownFileType = sourcecode.c.h; path = RSSItemView.h; sourceTree = "<group>"; };
		FA1B12E112B45F8B00F02972 /* RSSItemView.m */ = {isa = PBXFileReference; fileEncoding = 4; lastKnownFileType = sourcecode.c.objc; path = RSSItemView.m; sourceTree = "<group>"; };
		FA1B12ED12B4618E00F02972 /* RSSChannelView.h */ = {isa = PBXFileReference; fileEncoding = 4; lastKnownFileType = sourcecode.c.h; path = RSSChannelView.h; sourceTree = "<group>"; };
		FA1B12EE12B4618E00F02972 /* RSSChannelView.m */ = {isa = PBXFileReference; fileEncoding = 4; lastKnownFileType = sourcecode.c.objc; path = RSSChannelView.m; sourceTree = "<group>"; };
		FA37B0FB12BC36AA00977000 /* MainWindow.h */ = {isa = PBXFileReference; fileEncoding = 4; lastKnownFileType = sourcecode.c.h; path = MainWindow.h; sourceTree = "<group>"; };
		FA37B0FC12BC36AA00977000 /* MainWindow.m */ = {isa = PBXFileReference; fileEncoding = 4; lastKnownFileType = sourcecode.c.objc; path = MainWindow.m; sourceTree = "<group>"; };
		FA37B0FE12BC36CC00977000 /* MainView.h */ = {isa = PBXFileReference; fileEncoding = 4; lastKnownFileType = sourcecode.c.h; path = MainView.h; sourceTree = "<group>"; };
		FA37B0FF12BC36CC00977000 /* MainView.m */ = {isa = PBXFileReference; fileEncoding = 4; lastKnownFileType = sourcecode.c.objc; path = MainView.m; sourceTree = "<group>"; };
		FA74099612B5414800AD1A5B /* topbar.png */ = {isa = PBXFileReference; lastKnownFileType = image.png; path = topbar.png; sourceTree = "<group>"; };
		FA74099712B5414800AD1A5B /* bottombar.png */ = {isa = PBXFileReference; lastKnownFileType = image.png; path = bottombar.png; sourceTree = "<group>"; };
		FA7409A412B5420000AD1A5B /* ANImageBitmapRep.h */ = {isa = PBXFileReference; fileEncoding = 4; lastKnownFileType = sourcecode.c.h; path = ANImageBitmapRep.h; sourceTree = "<group>"; };
		FA7409A512B5420000AD1A5B /* ANImageBitmapRep.m */ = {isa = PBXFileReference; fileEncoding = 4; lastKnownFileType = sourcecode.c.objc; path = ANImageBitmapRep.m; sourceTree = "<group>"; };
		FA7409E812B5727000AD1A5B /* rss.png */ = {isa = PBXFileReference; lastKnownFileType = image.png; path = rss.png; sourceTree = "<group>"; };
		FA7409EA12B5739600AD1A5B /* ANRSSManager.h */ = {isa = PBXFileReference; fileEncoding = 4; lastKnownFileType = sourcecode.c.h; path = ANRSSManager.h; sourceTree = "<group>"; };
		FA7409EB12B5739600AD1A5B /* ANRSSManager.m */ = {isa = PBXFileReference; fileEncoding = 4; lastKnownFileType = sourcecode.c.objc; path = ANRSSManager.m; sourceTree = "<group>"; };
		FA740AE412B592F300AD1A5B /* Carbon.framework */ = {isa = PBXFileReference; lastKnownFileType = wrapper.framework; name = Carbon.framework; path = System/Library/Frameworks/Carbon.framework; sourceTree = SDKROOT; };
		FA916B2712B6C1A4007AA0A3 /* Debugging.h */ = {isa = PBXFileReference; fileEncoding = 4; lastKnownFileType = sourcecode.c.h; path = Debugging.h; sourceTree = "<group>"; };
		FAA46D3712B5AE7F0000F8A6 /* RegexKitLite.h */ = {isa = PBXFileReference; fileEncoding = 4; lastKnownFileType = sourcecode.c.h; path = RegexKitLite.h; sourceTree = "<group>"; };
		FAA46D3812B5AE7F0000F8A6 /* RegexKitLite.m */ = {isa = PBXFileReference; fileEncoding = 4; lastKnownFileType = sourcecode.c.objc; path = RegexKitLite.m; sourceTree = "<group>"; };
		FAC3C16A12BC0789007FCB67 /* ANReadFeedCommand.h */ = {isa = PBXFileReference; fileEncoding = 4; lastKnownFileType = sourcecode.c.h; path = ANReadFeedCommand.h; sourceTree = "<group>"; };
		FAC3C16B12BC0789007FCB67 /* ANReadFeedCommand.m */ = {isa = PBXFileReference; fileEncoding = 4; lastKnownFileType = sourcecode.c.objc; path = ANReadFeedCommand.m; sourceTree = "<group>"; };
		FAC3C1EF12BC1670007FCB67 /* ANDeleteFeedCommand.h */ = {isa = PBXFileReference; fileEncoding = 4; lastKnownFileType = sourcecode.c.h; path = ANDeleteFeedCommand.h; sourceTree = "<group>"; };
		FAC3C1F012BC1670007FCB67 /* ANDeleteFeedCommand.m */ = {isa = PBXFileReference; fileEncoding = 4; lastKnownFileType = sourcecode.c.objc; path = ANDeleteFeedCommand.m; sourceTree = "<group>"; };
		FAC3C21A12BC1869007FCB67 /* test.sdef */ = {isa = PBXFileReference; fileEncoding = 4; lastKnownFileType = text.sdef; path = test.sdef; sourceTree = "<group>"; };
		FAD2A6D212BAB501005612B2 /* ANApplication.h */ = {isa = PBXFileReference; fileEncoding = 4; lastKnownFileType = sourcecode.c.h; path = ANApplication.h; sourceTree = "<group>"; };
		FAD2A6D312BAB501005612B2 /* ANApplication.m */ = {isa = PBXFileReference; fileEncoding = 4; lastKnownFileType = sourcecode.c.objc; path = ANApplication.m; sourceTree = "<group>"; };
		FAD2A7F912BAD01D005612B2 /* ANRSSFeed.h */ = {isa = PBXFileReference; fileEncoding = 4; lastKnownFileType = sourcecode.c.h; path = ANRSSFeed.h; sourceTree = "<group>"; };
		FAD2A7FA12BAD01D005612B2 /* ANRSSFeed.m */ = {isa = PBXFileReference; fileEncoding = 4; lastKnownFileType = sourcecode.c.objc; path = ANRSSFeed.m; sourceTree = "<group>"; };
		FAF0B8E712B96BD5003D4F4D /* ANCommandCounter.h */ = {isa = PBXFileReference; fileEncoding = 4; lastKnownFileType = sourcecode.c.h; path = ANCommandCounter.h; sourceTree = "<group>"; };
		FAF0B8E812B96BD5003D4F4D /* ANCommandCounter.m */ = {isa = PBXFileReference; fileEncoding = 4; lastKnownFileType = sourcecode.c.objc; path = ANCommandCounter.m; sourceTree = "<group>"; };
/* End PBXFileReference section */

/* Begin PBXFrameworksBuildPhase section */
		8D11072E0486CEB800E47090 /* Frameworks */ = {
			isa = PBXFrameworksBuildPhase;
			buildActionMask = 2147483647;
			files = (
				8D11072F0486CEB800E47090 /* Cocoa.framework in Frameworks */,
				FA740AE512B592F300AD1A5B /* Carbon.framework in Frameworks */,
			);
			runOnlyForDeploymentPostprocessing = 0;
		};
/* End PBXFrameworksBuildPhase section */

/* Begin PBXGroup section */
		080E96DDFE201D6D7F000001 /* Classes */ = {
			isa = PBXGroup;
			children = (
				FA1ACC0312BD1C5C005A0B23 /* Remote Access */,
				FAF0B8E612B96BC5003D4F4D /* AppleScript */,
				FA7409A412B5420000AD1A5B /* ANImageBitmapRep.h */,
				FA7409A512B5420000AD1A5B /* ANImageBitmapRep.m */,
				FA1B12DF12B45F8100F02972 /* RSS */,
				256AC3D80F4B6AC300CF3369 /* miRSSAppDelegate.h */,
				256AC3D90F4B6AC300CF3369 /* miRSSAppDelegate.m */,
				FA7409EA12B5739600AD1A5B /* ANRSSManager.h */,
				FA7409EB12B5739600AD1A5B /* ANRSSManager.m */,
				FA916B2712B6C1A4007AA0A3 /* Debugging.h */,
				FA11F67712B81A92004AA893 /* ANTimeoutConnection.h */,
				FA11F67812B81A92004AA893 /* ANTimeoutConnection.m */,
				FA37B0FB12BC36AA00977000 /* MainWindow.h */,
				FA37B0FC12BC36AA00977000 /* MainWindow.m */,
				FA37B0FE12BC36CC00977000 /* MainView.h */,
				FA37B0FF12BC36CC00977000 /* MainView.m */,
			);
			name = Classes;
			sourceTree = "<group>";
		};
		1058C7A0FEA54F0111CA2CBB /* Linked Frameworks */ = {
			isa = PBXGroup;
			children = (
				1058C7A1FEA54F0111CA2CBB /* Cocoa.framework */,
			);
			name = "Linked Frameworks";
			sourceTree = "<group>";
		};
		1058C7A2FEA54F0111CA2CBB /* Other Frameworks */ = {
			isa = PBXGroup;
			children = (
				29B97324FDCFA39411CA2CEA /* AppKit.framework */,
				13E42FB307B3F0F600E4EEF1 /* CoreData.framework */,
				29B97325FDCFA39411CA2CEA /* Foundation.framework */,
			);
			name = "Other Frameworks";
			sourceTree = "<group>";
		};
		19C28FACFE9D520D11CA2CBB /* Products */ = {
			isa = PBXGroup;
			children = (
				8D1107320486CEB800E47090 /* miRSS.app */,
			);
			name = Products;
			sourceTree = "<group>";
		};
		29B97314FDCFA39411CA2CEA /* miRSS */ = {
			isa = PBXGroup;
			children = (
				080E96DDFE201D6D7F000001 /* Classes */,
				29B97315FDCFA39411CA2CEA /* Other Sources */,
				29B97317FDCFA39411CA2CEA /* Resources */,
				29B97323FDCFA39411CA2CEA /* Frameworks */,
				19C28FACFE9D520D11CA2CBB /* Products */,
				FA740AE412B592F300AD1A5B /* Carbon.framework */,
			);
			name = miRSS;
			sourceTree = "<group>";
		};
		29B97315FDCFA39411CA2CEA /* Other Sources */ = {
			isa = PBXGroup;
			children = (
				256AC3F00F4B6AF500CF3369 /* miRSS_Prefix.pch */,
				29B97316FDCFA39411CA2CEA /* main.m */,
			);
			name = "Other Sources";
			sourceTree = "<group>";
		};
		29B97317FDCFA39411CA2CEA /* Resources */ = {
			isa = PBXGroup;
			children = (
				FAC3C21A12BC1869007FCB67 /* test.sdef */,
				FA1ACC2112BD2BCC005A0B23 /* mirss.icns */,
				FA7409E812B5727000AD1A5B /* rss.png */,
				FA74099612B5414800AD1A5B /* topbar.png */,
				FA74099712B5414800AD1A5B /* bottombar.png */,
				8D1107310486CEB800E47090 /* miRSS-Info.plist */,
				089C165CFE840E0CC02AAC07 /* InfoPlist.strings */,
				1DDD58140DA1D0A300B32029 /* MainMenu.xib */,
			);
			name = Resources;
			sourceTree = "<group>";
		};
		29B97323FDCFA39411CA2CEA /* Frameworks */ = {
			isa = PBXGroup;
			children = (
				1058C7A0FEA54F0111CA2CBB /* Linked Frameworks */,
				1058C7A2FEA54F0111CA2CBB /* Other Frameworks */,
			);
			name = Frameworks;
			sourceTree = "<group>";
		};
		FA1ACC0312BD1C5C005A0B23 /* Remote Access */ = {
			isa = PBXGroup;
			children = (
				FA1ACC0812BD28A6005A0B23 /* API */,
				FA1ACC0512BD1C70005A0B23 /* ANRemoteAccessManager.h */,
				FA1ACC0612BD1C70005A0B23 /* ANRemoteAccessManager.m */,
			);
			name = "Remote Access";
			sourceTree = "<group>";
		};
		FA1ACC0812BD28A6005A0B23 /* API */ = {
			isa = PBXGroup;
			children = (
				FA1ACC0912BD28BE005A0B23 /* ANRSSProxy.h */,
				FA1ACC0A12BD28BE005A0B23 /* ANRSSProxy.m */,
			);
			name = API;
			sourceTree = "<group>";
		};
		FA1B12DF12B45F8100F02972 /* RSS */ = {
			isa = PBXGroup;
			children = (
				FAA46D3712B5AE7F0000F8A6 /* RegexKitLite.h */,
				FAA46D3812B5AE7F0000F8A6 /* RegexKitLite.m */,
				FA1B120212B4455000F02972 /* RSSFeed.h */,
				FA1B120312B4455000F02972 /* RSSFeed.m */,
				FA1B11F412B4401000F02972 /* RSSChannel.h */,
				FA1B11F512B4401000F02972 /* RSSChannel.m */,
				FA1B11F912B4401700F02972 /* RSSItem.h */,
				FA1B11FA12B4401700F02972 /* RSSItem.m */,
				FA1B12E012B45F8B00F02972 /* RSSItemView.h */,
				FA1B12E112B45F8B00F02972 /* RSSItemView.m */,
				FA1B12ED12B4618E00F02972 /* RSSChannelView.h */,
				FA1B12EE12B4618E00F02972 /* RSSChannelView.m */,
			);
			name = RSS;
			sourceTree = "<group>";
		};
		FAF0B8E612B96BC5003D4F4D /* AppleScript */ = {
			isa = PBXGroup;
			children = (
				FAF0B8E712B96BD5003D4F4D /* ANCommandCounter.h */,
				FAF0B8E812B96BD5003D4F4D /* ANCommandCounter.m */,
				FAD2A6D212BAB501005612B2 /* ANApplication.h */,
				FAD2A6D312BAB501005612B2 /* ANApplication.m */,
				FAD2A7F912BAD01D005612B2 /* ANRSSFeed.h */,
				FAD2A7FA12BAD01D005612B2 /* ANRSSFeed.m */,
				FAC3C16A12BC0789007FCB67 /* ANReadFeedCommand.h */,
				FAC3C16B12BC0789007FCB67 /* ANReadFeedCommand.m */,
				FAC3C1EF12BC1670007FCB67 /* ANDeleteFeedCommand.h */,
				FAC3C1F012BC1670007FCB67 /* ANDeleteFeedCommand.m */,
			);
			name = AppleScript;
			sourceTree = "<group>";
		};
/* End PBXGroup section */

/* Begin PBXNativeTarget section */
		8D1107260486CEB800E47090 /* miRSS */ = {
			isa = PBXNativeTarget;
			buildConfigurationList = C01FCF4A08A954540054247B /* Build configuration list for PBXNativeTarget "miRSS" */;
			buildPhases = (
				8D1107290486CEB800E47090 /* Resources */,
				8D11072C0486CEB800E47090 /* Sources */,
				8D11072E0486CEB800E47090 /* Frameworks */,
			);
			buildRules = (
			);
			dependencies = (
			);
			name = miRSS;
			productInstallPath = "$(HOME)/Applications";
			productName = miRSS;
			productReference = 8D1107320486CEB800E47090 /* miRSS.app */;
			productType = "com.apple.product-type.application";
		};
/* End PBXNativeTarget section */

/* Begin PBXProject section */
		29B97313FDCFA39411CA2CEA /* Project object */ = {
			isa = PBXProject;
			buildConfigurationList = C01FCF4E08A954540054247B /* Build configuration list for PBXProject "miRSS" */;
			compatibilityVersion = "Xcode 3.1";
			developmentRegion = English;
			hasScannedForEncodings = 1;
			knownRegions = (
				English,
				Japanese,
				French,
				German,
			);
			mainGroup = 29B97314FDCFA39411CA2CEA /* miRSS */;
			projectDirPath = "";
			projectRoot = "";
			targets = (
				8D1107260486CEB800E47090 /* miRSS */,
			);
		};
/* End PBXProject section */

/* Begin PBXResourcesBuildPhase section */
		8D1107290486CEB800E47090 /* Resources */ = {
			isa = PBXResourcesBuildPhase;
			buildActionMask = 2147483647;
			files = (
				8D11072B0486CEB800E47090 /* InfoPlist.strings in Resources */,
				1DDD58160DA1D0A300B32029 /* MainMenu.xib in Resources */,
				FA74099812B5414800AD1A5B /* topbar.png in Resources */,
				FA74099912B5414800AD1A5B /* bottombar.png in Resources */,
				FA7409E912B5727000AD1A5B /* rss.png in Resources */,
				FAC3C21B12BC1869007FCB67 /* test.sdef in Resources */,
				FA1ACC2212BD2BCC005A0B23 /* mirss.icns in Resources */,
			);
			runOnlyForDeploymentPostprocessing = 0;
		};
/* End PBXResourcesBuildPhase section */

/* Begin PBXSourcesBuildPhase section */
		8D11072C0486CEB800E47090 /* Sources */ = {
			isa = PBXSourcesBuildPhase;
			buildActionMask = 2147483647;
			files = (
				8D11072D0486CEB800E47090 /* main.m in Sources */,
				256AC3DA0F4B6AC300CF3369 /* miRSSAppDelegate.m in Sources */,
				FA1B11F612B4401000F02972 /* RSSChannel.m in Sources */,
				FA1B11FB12B4401700F02972 /* RSSItem.m in Sources */,
				FA1B120412B4455000F02972 /* RSSFeed.m in Sources */,
				FA1B12E212B45F8B00F02972 /* RSSItemView.m in Sources */,
				FA1B12EF12B4618E00F02972 /* RSSChannelView.m in Sources */,
				FA7409A612B5420000AD1A5B /* ANImageBitmapRep.m in Sources */,
				FA7409EC12B5739600AD1A5B /* ANRSSManager.m in Sources */,
				FAA46D3912B5AE7F0000F8A6 /* RegexKitLite.m in Sources */,
				FA11F67912B81A92004AA893 /* ANTimeoutConnection.m in Sources */,
				FAF0B8E912B96BD5003D4F4D /* ANCommandCounter.m in Sources */,
				FAD2A6D412BAB501005612B2 /* ANApplication.m in Sources */,
				FAD2A7FB12BAD01D005612B2 /* ANRSSFeed.m in Sources */,
				FAC3C16C12BC0789007FCB67 /* ANReadFeedCommand.m in Sources */,
				FAC3C1F112BC1670007FCB67 /* ANDeleteFeedCommand.m in Sources */,
				FA37B0FD12BC36AA00977000 /* MainWindow.m in Sources */,
				FA37B10012BC36CC00977000 /* MainView.m in Sources */,
				FA1ACC0712BD1C70005A0B23 /* ANRemoteAccessManager.m in Sources */,
				FA1ACC0B12BD28BE005A0B23 /* ANRSSProxy.m in Sources */,
			);
			runOnlyForDeploymentPostprocessing = 0;
		};
/* End PBXSourcesBuildPhase section */

/* Begin PBXVariantGroup section */
		089C165CFE840E0CC02AAC07 /* InfoPlist.strings */ = {
			isa = PBXVariantGroup;
			children = (
				089C165DFE840E0CC02AAC07 /* English */,
			);
			name = InfoPlist.strings;
			sourceTree = "<group>";
		};
		1DDD58140DA1D0A300B32029 /* MainMenu.xib */ = {
			isa = PBXVariantGroup;
			children = (
				1DDD58150DA1D0A300B32029 /* English */,
			);
			name = MainMenu.xib;
			sourceTree = "<group>";
		};
/* End PBXVariantGroup section */

/* Begin XCBuildConfiguration section */
		C01FCF4B08A954540054247B /* Debug */ = {
			isa = XCBuildConfiguration;
			buildSettings = {
				ALWAYS_SEARCH_USER_PATHS = NO;
				COPY_PHASE_STRIP = NO;
				GCC_DYNAMIC_NO_PIC = NO;
				GCC_ENABLE_FIX_AND_CONTINUE = YES;
				GCC_MODEL_TUNING = G5;
				GCC_OPTIMIZATION_LEVEL = 0;
				GCC_PRECOMPILE_PREFIX_HEADER = YES;
				GCC_PREFIX_HEADER = miRSS_Prefix.pch;
				INFOPLIST_FILE = "miRSS-Info.plist";
				INSTALL_PATH = "$(HOME)/Applications";
				OTHER_LDFLAGS = "-licucore";
				PRODUCT_NAME = miRSS;
			};
			name = Debug;
		};
		C01FCF4C08A954540054247B /* Release */ = {
			isa = XCBuildConfiguration;
			buildSettings = {
				ALWAYS_SEARCH_USER_PATHS = NO;
				DEBUG_INFORMATION_FORMAT = "dwarf-with-dsym";
				GCC_MODEL_TUNING = G5;
				GCC_PRECOMPILE_PREFIX_HEADER = YES;
				GCC_PREFIX_HEADER = miRSS_Prefix.pch;
				INFOPLIST_FILE = "miRSS-Info.plist";
				INSTALL_PATH = "$(HOME)/Applications";
				PRODUCT_NAME = miRSS;
			};
			name = Release;
		};
		C01FCF4F08A954540054247B /* Debug */ = {
			isa = XCBuildConfiguration;
			buildSettings = {
				ARCHS = "$(ARCHS_STANDARD_32_64_BIT)";
				GCC_C_LANGUAGE_STANDARD = gnu99;
				GCC_OPTIMIZATION_LEVEL = 0;
				GCC_WARN_ABOUT_RETURN_TYPE = YES;
				GCC_WARN_UNUSED_VARIABLE = YES;
				ONLY_ACTIVE_ARCH = YES;
				PREBINDING = NO;
				SDKROOT = macosx10.6;
			};
			name = Debug;
		};
		C01FCF5008A954540054247B /* Release */ = {
			isa = XCBuildConfiguration;
			buildSettings = {
				ARCHS = "$(ARCHS_STANDARD_32_64_BIT)";
				GCC_C_LANGUAGE_STANDARD = gnu99;
				GCC_WARN_ABOUT_RETURN_TYPE = YES;
				GCC_WARN_UNUSED_VARIABLE = YES;
				PREBINDING = NO;
				SDKROOT = macosx10.6;
			};
			name = Release;
		};
/* End XCBuildConfiguration section */

/* Begin XCConfigurationList section */
		C01FCF4A08A954540054247B /* Build configuration list for PBXNativeTarget "miRSS" */ = {
			isa = XCConfigurationList;
			buildConfigurations = (
				C01FCF4B08A954540054247B /* Debug */,
				C01FCF4C08A954540054247B /* Release */,
			);
			defaultConfigurationIsVisible = 0;
			defaultConfigurationName = Release;
		};
		C01FCF4E08A954540054247B /* Build configuration list for PBXProject "miRSS" */ = {
			isa = XCConfigurationList;
			buildConfigurations = (
				C01FCF4F08A954540054247B /* Debug */,
				C01FCF5008A954540054247B /* Release */,
			);
			defaultConfigurationIsVisible = 0;
			defaultConfigurationName = Release;
		};
/* End XCConfigurationList section */
	};
	rootObject = 29B97313FDCFA39411CA2CEA /* Project object */;
}
